// !$*UTF8*$!
{
	archiveVersion = 1;
	classes = {
	};
	objectVersion = 55;
	objects = {

/* Begin PBXBuildFile section */
		571FBF2F28EACAED00D47037 /* Story+CoreDataClass.swift in Sources */ = {isa = PBXBuildFile; fileRef = 571FBF2E28EACAEC00D47037 /* Story+CoreDataClass.swift */; };
		571FBF3128EACB9200D47037 /* Story+CoreDataProperties.swift in Sources */ = {isa = PBXBuildFile; fileRef = 571FBF3028EACB9200D47037 /* Story+CoreDataProperties.swift */; };
		5729771128CF358800E465EF /* StoryListView.swift in Sources */ = {isa = PBXBuildFile; fileRef = 5729771028CF358800E465EF /* StoryListView.swift */; };
		572B12C928A3BE5800227AB4 /* JottrApp.swift in Sources */ = {isa = PBXBuildFile; fileRef = 572B12C828A3BE5800227AB4 /* JottrApp.swift */; };
		572B12CB28A3BE5800227AB4 /* ContentView.swift in Sources */ = {isa = PBXBuildFile; fileRef = 572B12CA28A3BE5800227AB4 /* ContentView.swift */; };
		572B12CD28A3BE5E00227AB4 /* Assets.xcassets in Resources */ = {isa = PBXBuildFile; fileRef = 572B12CC28A3BE5E00227AB4 /* Assets.xcassets */; };
		572B12D028A3BE5E00227AB4 /* Preview Assets.xcassets in Resources */ = {isa = PBXBuildFile; fileRef = 572B12CF28A3BE5E00227AB4 /* Preview Assets.xcassets */; };
		572B12DC28A3C25900227AB4 /* OpenAI-Info.plist in Resources */ = {isa = PBXBuildFile; fileRef = 572B12DB28A3C25900227AB4 /* OpenAI-Info.plist */; };
		572B12E328A3C40600227AB4 /* Jottr.xcdatamodeld in Sources */ = {isa = PBXBuildFile; fileRef = 572B12E128A3C40600227AB4 /* Jottr.xcdatamodeld */; };
		572B12E528A3C50B00227AB4 /* OpenAIConnector.swift in Sources */ = {isa = PBXBuildFile; fileRef = 572B12E428A3C50B00227AB4 /* OpenAIConnector.swift */; };
		572B12E728A3C97600227AB4 /* OpenAIResponse.swift in Sources */ = {isa = PBXBuildFile; fileRef = 572B12E628A3C97600227AB4 /* OpenAIResponse.swift */; };
		572B12E928A3CA4200227AB4 /* ModerationResponse.swift in Sources */ = {isa = PBXBuildFile; fileRef = 572B12E828A3CA4200227AB4 /* ModerationResponse.swift */; };
		572B12ED28A4288000227AB4 /* openairesponse.json in Resources */ = {isa = PBXBuildFile; fileRef = 572B12EC28A4287F00227AB4 /* openairesponse.json */; };
		5744A7E628DD9EE20058E879 /* GenrePickerView.swift in Sources */ = {isa = PBXBuildFile; fileRef = 5744A7E528DD9EE20058E879 /* GenrePickerView.swift */; };
		5745669228D3A5840002DB98 /* SearchView.swift in Sources */ = {isa = PBXBuildFile; fileRef = 5745669128D3A5840002DB98 /* SearchView.swift */; };
		5749D76328C7507900AC3C2B /* SessionStory.swift in Sources */ = {isa = PBXBuildFile; fileRef = 5749D76228C7507900AC3C2B /* SessionStory.swift */; };
		5749D76728C78ED700AC3C2B /* StoryEditorView.swift in Sources */ = {isa = PBXBuildFile; fileRef = 5749D76628C78ED700AC3C2B /* StoryEditorView.swift */; };
		574B4D5928A6552700FC47D8 /* Parameters.swift in Sources */ = {isa = PBXBuildFile; fileRef = 574B4D5828A6552700FC47D8 /* Parameters.swift */; };
		575F623828D0A85700EFE7C0 /* UIViewController.swift in Sources */ = {isa = PBXBuildFile; fileRef = 575F623728D0A85700EFE7C0 /* UIViewController.swift */; };
		5775B5DC28E45D1600CAD517 /* StoryListDetailView.swift in Sources */ = {isa = PBXBuildFile; fileRef = 5775B5DB28E45D1600CAD517 /* StoryListDetailView.swift */; };
		5777672B28F6D232008C888B /* MagnifyingGlass.swift in Sources */ = {isa = PBXBuildFile; fileRef = 5777672A28F6D232008C888B /* MagnifyingGlass.swift */; };
		5777672E28F6D2E0008C888B /* FLAnimatedImage in Frameworks */ = {isa = PBXBuildFile; productRef = 5777672D28F6D2E0008C888B /* FLAnimatedImage */; };
		5777673028F6D3AF008C888B /* CustomError-ViewModel.swift in Sources */ = {isa = PBXBuildFile; fileRef = 5777672F28F6D3AF008C888B /* CustomError-ViewModel.swift */; };
		5777673228F6D48D008C888B /* ParametersModerated.swift in Sources */ = {isa = PBXBuildFile; fileRef = 5777673128F6D48D008C888B /* ParametersModerated.swift */; };
		5777673428F6D519008C888B /* darwin.gif in Resources */ = {isa = PBXBuildFile; fileRef = 5777673328F6D519008C888B /* darwin.gif */; };
		5777673628F6D885008C888B /* NoteBookView.swift in Sources */ = {isa = PBXBuildFile; fileRef = 5777673528F6D885008C888B /* NoteBookView.swift */; };
		5777FC0D28DC5AD70035117B /* LibraryToolbar.swift in Sources */ = {isa = PBXBuildFile; fileRef = 5777FC0C28DC5AD60035117B /* LibraryToolbar.swift */; };
		5777FC1028DC7FE50035117B /* HideSectionView.swift in Sources */ = {isa = PBXBuildFile; fileRef = 5777FC0F28DC7FE50035117B /* HideSectionView.swift */; };
		5779136B28A4D40D00EF0E9B /* PromptEditorView.swift in Sources */ = {isa = PBXBuildFile; fileRef = 5779136A28A4D40D00EF0E9B /* PromptEditorView.swift */; };
		5779136D28A50B5900EF0E9B /* AccountView.swift in Sources */ = {isa = PBXBuildFile; fileRef = 5779136C28A50B5900EF0E9B /* AccountView.swift */; };
		5779136F28A51E4F00EF0E9B /* LoginView.swift in Sources */ = {isa = PBXBuildFile; fileRef = 5779136E28A51E4E00EF0E9B /* LoginView.swift */; };
		57A736EB28E2E798006B7DCC /* EditorToolbar.swift in Sources */ = {isa = PBXBuildFile; fileRef = 57A736EA28E2E798006B7DCC /* EditorToolbar.swift */; };
		57AE975028D878E100A75B3A /* PersistenceController.swift in Sources */ = {isa = PBXBuildFile; fileRef = 57AE974F28D878E100A75B3A /* PersistenceController.swift */; };
		57AE975328D89C8F00A75B3A /* ThemePickerView.swift in Sources */ = {isa = PBXBuildFile; fileRef = 57AE975228D89C8F00A75B3A /* ThemePickerView.swift */; };
		57C0C71828DB41E6005B7919 /* SendButton.swift in Sources */ = {isa = PBXBuildFile; fileRef = 57C0C71728DB41E6005B7919 /* SendButton.swift */; };
		57C0C71C28DB70AC005B7919 /* View+Extensions.swift in Sources */ = {isa = PBXBuildFile; fileRef = 57C0C71B28DB70AC005B7919 /* View+Extensions.swift */; };
		57DBD5B028D9C4B700869002 /* PopoverTextView.swift in Sources */ = {isa = PBXBuildFile; fileRef = 57DBD5AF28D9C4B700869002 /* PopoverTextView.swift */; };
		57DBD5B228D9C65400869002 /* TextEditorView.swift in Sources */ = {isa = PBXBuildFile; fileRef = 57DBD5B128D9C65400869002 /* TextEditorView.swift */; };
		57DBD5B428DA3C3800869002 /* PremisePickerView.swift in Sources */ = {isa = PBXBuildFile; fileRef = 57DBD5B328DA3C3800869002 /* PremisePickerView.swift */; };
		57E0971A28EC44EB00CA9648 /* StoryListDetailView-ViewModel.swift in Sources */ = {isa = PBXBuildFile; fileRef = 57E0971928EC44EB00CA9648 /* StoryListDetailView-ViewModel.swift */; };
		57E0971C28EC646C00CA9648 /* FilteredList.swift in Sources */ = {isa = PBXBuildFile; fileRef = 57E0971B28EC646C00CA9648 /* FilteredList.swift */; };
		57EE5B1528BCD35400D961B9 /* TxtComplViewModel.swift in Sources */ = {isa = PBXBuildFile; fileRef = 57EE5B1428BCD35400D961B9 /* TxtComplViewModel.swift */; };
		57FC684828EEED8500FB2DE8 /* NetworkMonitor.swift in Sources */ = {isa = PBXBuildFile; fileRef = 57FC684728EEED8500FB2DE8 /* NetworkMonitor.swift */; };
		57FC684A28EF0F8000FB2DE8 /* StoryEditorView-ViewModel.swift in Sources */ = {isa = PBXBuildFile; fileRef = 57FC684928EF0F8000FB2DE8 /* StoryEditorView-ViewModel.swift */; };
/* End PBXBuildFile section */

/* Begin PBXFileReference section */
		571FBF2E28EACAEC00D47037 /* Story+CoreDataClass.swift */ = {isa = PBXFileReference; lastKnownFileType = sourcecode.swift; path = "Story+CoreDataClass.swift"; sourceTree = "<group>"; };
		571FBF3028EACB9200D47037 /* Story+CoreDataProperties.swift */ = {isa = PBXFileReference; lastKnownFileType = sourcecode.swift; path = "Story+CoreDataProperties.swift"; sourceTree = "<group>"; };
		5729771028CF358800E465EF /* StoryListView.swift */ = {isa = PBXFileReference; lastKnownFileType = sourcecode.swift; path = StoryListView.swift; sourceTree = "<group>"; };
		572B12C528A3BE5800227AB4 /* Jottr.app */ = {isa = PBXFileReference; explicitFileType = wrapper.application; includeInIndex = 0; path = Jottr.app; sourceTree = BUILT_PRODUCTS_DIR; };
		572B12C828A3BE5800227AB4 /* JottrApp.swift */ = {isa = PBXFileReference; lastKnownFileType = sourcecode.swift; path = JottrApp.swift; sourceTree = "<group>"; };
		572B12CA28A3BE5800227AB4 /* ContentView.swift */ = {isa = PBXFileReference; lastKnownFileType = sourcecode.swift; path = ContentView.swift; sourceTree = "<group>"; };
		572B12CC28A3BE5E00227AB4 /* Assets.xcassets */ = {isa = PBXFileReference; lastKnownFileType = folder.assetcatalog; path = Assets.xcassets; sourceTree = "<group>"; };
		572B12CF28A3BE5E00227AB4 /* Preview Assets.xcassets */ = {isa = PBXFileReference; lastKnownFileType = folder.assetcatalog; path = "Preview Assets.xcassets"; sourceTree = "<group>"; };
		572B12DB28A3C25900227AB4 /* OpenAI-Info.plist */ = {isa = PBXFileReference; lastKnownFileType = text.plist.xml; path = "OpenAI-Info.plist"; sourceTree = "<group>"; };
		572B12E228A3C40600227AB4 /* Jottr.xcdatamodel */ = {isa = PBXFileReference; lastKnownFileType = wrapper.xcdatamodel; path = Jottr.xcdatamodel; sourceTree = "<group>"; };
		572B12E428A3C50B00227AB4 /* OpenAIConnector.swift */ = {isa = PBXFileReference; lastKnownFileType = sourcecode.swift; path = OpenAIConnector.swift; sourceTree = "<group>"; };
		572B12E628A3C97600227AB4 /* OpenAIResponse.swift */ = {isa = PBXFileReference; lastKnownFileType = sourcecode.swift; path = OpenAIResponse.swift; sourceTree = "<group>"; };
		572B12E828A3CA4200227AB4 /* ModerationResponse.swift */ = {isa = PBXFileReference; lastKnownFileType = sourcecode.swift; path = ModerationResponse.swift; sourceTree = "<group>"; };
		572B12EC28A4287F00227AB4 /* openairesponse.json */ = {isa = PBXFileReference; lastKnownFileType = text.json; path = openairesponse.json; sourceTree = "<group>"; };
		5744A7E528DD9EE20058E879 /* GenrePickerView.swift */ = {isa = PBXFileReference; lastKnownFileType = sourcecode.swift; path = GenrePickerView.swift; sourceTree = "<group>"; };
		5745669128D3A5840002DB98 /* SearchView.swift */ = {isa = PBXFileReference; lastKnownFileType = sourcecode.swift; path = SearchView.swift; sourceTree = "<group>"; };
		5749D76228C7507900AC3C2B /* SessionStory.swift */ = {isa = PBXFileReference; lastKnownFileType = sourcecode.swift; path = SessionStory.swift; sourceTree = "<group>"; };
		5749D76628C78ED700AC3C2B /* StoryEditorView.swift */ = {isa = PBXFileReference; lastKnownFileType = sourcecode.swift; path = StoryEditorView.swift; sourceTree = "<group>"; };
		574B4D5828A6552700FC47D8 /* Parameters.swift */ = {isa = PBXFileReference; lastKnownFileType = sourcecode.swift; path = Parameters.swift; sourceTree = "<group>"; };
		575F623728D0A85700EFE7C0 /* UIViewController.swift */ = {isa = PBXFileReference; lastKnownFileType = sourcecode.swift; path = UIViewController.swift; sourceTree = "<group>"; };
		5775B5DB28E45D1600CAD517 /* StoryListDetailView.swift */ = {isa = PBXFileReference; lastKnownFileType = sourcecode.swift; path = StoryListDetailView.swift; sourceTree = "<group>"; };
		5777672A28F6D232008C888B /* MagnifyingGlass.swift */ = {isa = PBXFileReference; lastKnownFileType = sourcecode.swift; path = MagnifyingGlass.swift; sourceTree = "<group>"; };
		5777672F28F6D3AF008C888B /* CustomError-ViewModel.swift */ = {isa = PBXFileReference; lastKnownFileType = sourcecode.swift; path = "CustomError-ViewModel.swift"; sourceTree = "<group>"; };
		5777673128F6D48D008C888B /* ParametersModerated.swift */ = {isa = PBXFileReference; lastKnownFileType = sourcecode.swift; path = ParametersModerated.swift; sourceTree = "<group>"; };
		5777673328F6D519008C888B /* darwin.gif */ = {isa = PBXFileReference; lastKnownFileType = image.gif; path = darwin.gif; sourceTree = "<group>"; };
		5777673528F6D885008C888B /* NoteBookView.swift */ = {isa = PBXFileReference; lastKnownFileType = sourcecode.swift; path = NoteBookView.swift; sourceTree = "<group>"; };
		5777FC0C28DC5AD60035117B /* LibraryToolbar.swift */ = {isa = PBXFileReference; lastKnownFileType = sourcecode.swift; path = LibraryToolbar.swift; sourceTree = "<group>"; };
		5777FC0F28DC7FE50035117B /* HideSectionView.swift */ = {isa = PBXFileReference; lastKnownFileType = sourcecode.swift; path = HideSectionView.swift; sourceTree = "<group>"; };
		5779136A28A4D40D00EF0E9B /* PromptEditorView.swift */ = {isa = PBXFileReference; lastKnownFileType = sourcecode.swift; path = PromptEditorView.swift; sourceTree = "<group>"; };
		5779136C28A50B5900EF0E9B /* AccountView.swift */ = {isa = PBXFileReference; lastKnownFileType = sourcecode.swift; path = AccountView.swift; sourceTree = "<group>"; };
		5779136E28A51E4E00EF0E9B /* LoginView.swift */ = {isa = PBXFileReference; lastKnownFileType = sourcecode.swift; path = LoginView.swift; sourceTree = "<group>"; };
		57A736EA28E2E798006B7DCC /* EditorToolbar.swift */ = {isa = PBXFileReference; lastKnownFileType = sourcecode.swift; path = EditorToolbar.swift; sourceTree = "<group>"; };
		57AE974F28D878E100A75B3A /* PersistenceController.swift */ = {isa = PBXFileReference; lastKnownFileType = sourcecode.swift; path = PersistenceController.swift; sourceTree = "<group>"; };
		57AE975228D89C8F00A75B3A /* ThemePickerView.swift */ = {isa = PBXFileReference; lastKnownFileType = sourcecode.swift; path = ThemePickerView.swift; sourceTree = "<group>"; };
		57C0C71728DB41E6005B7919 /* SendButton.swift */ = {isa = PBXFileReference; lastKnownFileType = sourcecode.swift; path = SendButton.swift; sourceTree = "<group>"; };
		57C0C71B28DB70AC005B7919 /* View+Extensions.swift */ = {isa = PBXFileReference; lastKnownFileType = sourcecode.swift; path = "View+Extensions.swift"; sourceTree = "<group>"; };
		57DBD5AF28D9C4B700869002 /* PopoverTextView.swift */ = {isa = PBXFileReference; lastKnownFileType = sourcecode.swift; path = PopoverTextView.swift; sourceTree = "<group>"; };
		57DBD5B128D9C65400869002 /* TextEditorView.swift */ = {isa = PBXFileReference; lastKnownFileType = sourcecode.swift; path = TextEditorView.swift; sourceTree = "<group>"; };
		57DBD5B328DA3C3800869002 /* PremisePickerView.swift */ = {isa = PBXFileReference; lastKnownFileType = sourcecode.swift; path = PremisePickerView.swift; sourceTree = "<group>"; };
		57E0971928EC44EB00CA9648 /* StoryListDetailView-ViewModel.swift */ = {isa = PBXFileReference; lastKnownFileType = sourcecode.swift; path = "StoryListDetailView-ViewModel.swift"; sourceTree = "<group>"; };
		57E0971B28EC646C00CA9648 /* FilteredList.swift */ = {isa = PBXFileReference; lastKnownFileType = sourcecode.swift; path = FilteredList.swift; sourceTree = "<group>"; };
		57EE5B1428BCD35400D961B9 /* TxtComplViewModel.swift */ = {isa = PBXFileReference; lastKnownFileType = sourcecode.swift; path = TxtComplViewModel.swift; sourceTree = "<group>"; };
		57FC684728EEED8500FB2DE8 /* NetworkMonitor.swift */ = {isa = PBXFileReference; lastKnownFileType = sourcecode.swift; path = NetworkMonitor.swift; sourceTree = "<group>"; };
		57FC684928EF0F8000FB2DE8 /* StoryEditorView-ViewModel.swift */ = {isa = PBXFileReference; lastKnownFileType = sourcecode.swift; path = "StoryEditorView-ViewModel.swift"; sourceTree = "<group>"; };
/* End PBXFileReference section */

/* Begin PBXFrameworksBuildPhase section */
		572B12C228A3BE5800227AB4 /* Frameworks */ = {
			isa = PBXFrameworksBuildPhase;
			buildActionMask = 2147483647;
			files = (
				5777672E28F6D2E0008C888B /* FLAnimatedImage in Frameworks */,
			);
			runOnlyForDeploymentPostprocessing = 0;
		};
/* End PBXFrameworksBuildPhase section */

/* Begin PBXGroup section */
		572B12BC28A3BE5800227AB4 = {
			isa = PBXGroup;
			children = (
				572B12C728A3BE5800227AB4 /* Jottr */,
				572B12C628A3BE5800227AB4 /* Products */,
			);
			sourceTree = "<group>";
		};
		572B12C628A3BE5800227AB4 /* Products */ = {
			isa = PBXGroup;
			children = (
				572B12C528A3BE5800227AB4 /* Jottr.app */,
			);
			name = Products;
			sourceTree = "<group>";
		};
		572B12C728A3BE5800227AB4 /* Jottr */ = {
			isa = PBXGroup;
			children = (
				572B12C828A3BE5800227AB4 /* JottrApp.swift */,
				572B12D728A3C13200227AB4 /* View */,
				57A736E928E2E566006B7DCC /* ViewModel */,
				572B12D828A3C13C00227AB4 /* Model */,
				57AE974D28D7952B00A75B3A /* SupportingFiles */,
				572B12DA28A3C17900227AB4 /* Resources */,
				572B12CE28A3BE5E00227AB4 /* Preview Content */,
			);
			path = Jottr;
			sourceTree = "<group>";
		};
		572B12CE28A3BE5E00227AB4 /* Preview Content */ = {
			isa = PBXGroup;
			children = (
				572B12CF28A3BE5E00227AB4 /* Preview Assets.xcassets */,
			);
			path = "Preview Content";
			sourceTree = "<group>";
		};
		572B12D728A3C13200227AB4 /* View */ = {
			isa = PBXGroup;
			children = (
				572B12CA28A3BE5800227AB4 /* ContentView.swift */,
				57AE974E28D7963000A75B3A /* TxtComplView */,
				57AE975128D89C4E00A75B3A /* TxtComplDetail */,
				5777FC0E28DC5E4C0035117B /* Controls */,
			);
			path = View;
			sourceTree = "<group>";
		};
		572B12D828A3C13C00227AB4 /* Model */ = {
			isa = PBXGroup;
			children = (
				572B12E028A3C3A800227AB4 /* Data */,
				572B12DF28A3C39B00227AB4 /* APIClient */,
				572B12DE28A3C38800227AB4 /* APIRequest */,
				572B12DD28A3C37A00227AB4 /* APIResponse */,
			);
			path = Model;
			sourceTree = "<group>";
		};
		572B12D928A3C14A00227AB4 /* ManagedObjectExtensions */ = {
			isa = PBXGroup;
			children = (
				571FBF2E28EACAEC00D47037 /* Story+CoreDataClass.swift */,
				571FBF3028EACB9200D47037 /* Story+CoreDataProperties.swift */,
			);
			path = ManagedObjectExtensions;
			sourceTree = "<group>";
		};
		572B12DA28A3C17900227AB4 /* Resources */ = {
			isa = PBXGroup;
			children = (
				572B12CC28A3BE5E00227AB4 /* Assets.xcassets */,
				5777673328F6D519008C888B /* darwin.gif */,
				572B12EC28A4287F00227AB4 /* openairesponse.json */,
			);
			path = Resources;
			sourceTree = "<group>";
		};
		572B12DD28A3C37A00227AB4 /* APIResponse */ = {
			isa = PBXGroup;
			children = (
				572B12E628A3C97600227AB4 /* OpenAIResponse.swift */,
				572B12E828A3CA4200227AB4 /* ModerationResponse.swift */,
			);
			path = APIResponse;
			sourceTree = "<group>";
		};
		572B12DE28A3C38800227AB4 /* APIRequest */ = {
			isa = PBXGroup;
			children = (
				574B4D5828A6552700FC47D8 /* Parameters.swift */,
				5777673128F6D48D008C888B /* ParametersModerated.swift */,
			);
			path = APIRequest;
			sourceTree = "<group>";
		};
		572B12DF28A3C39B00227AB4 /* APIClient */ = {
			isa = PBXGroup;
			children = (
				57FC684728EEED8500FB2DE8 /* NetworkMonitor.swift */,
				572B12E428A3C50B00227AB4 /* OpenAIConnector.swift */,
			);
			path = APIClient;
			sourceTree = "<group>";
		};
		572B12E028A3C3A800227AB4 /* Data */ = {
			isa = PBXGroup;
			children = (
				572B12E128A3C40600227AB4 /* Jottr.xcdatamodeld */,
				57AE974F28D878E100A75B3A /* PersistenceController.swift */,
				572B12D928A3C14A00227AB4 /* ManagedObjectExtensions */,
				5749D76228C7507900AC3C2B /* SessionStory.swift */,
			);
			path = Data;
			sourceTree = "<group>";
		};
		5777FC0E28DC5E4C0035117B /* Controls */ = {
			isa = PBXGroup;
			children = (
				57C0C71728DB41E6005B7919 /* SendButton.swift */,
				57A736EA28E2E798006B7DCC /* EditorToolbar.swift */,
				5777FC0C28DC5AD60035117B /* LibraryToolbar.swift */,
				57E0971B28EC646C00CA9648 /* FilteredList.swift */,
				575F623728D0A85700EFE7C0 /* UIViewController.swift */,
			);
			path = Controls;
			sourceTree = "<group>";
		};
		57A736E928E2E566006B7DCC /* ViewModel */ = {
			isa = PBXGroup;
			children = (
				57EE5B1428BCD35400D961B9 /* TxtComplViewModel.swift */,
				57E0971928EC44EB00CA9648 /* StoryListDetailView-ViewModel.swift */,
				57FC684928EF0F8000FB2DE8 /* StoryEditorView-ViewModel.swift */,
				5777672F28F6D3AF008C888B /* CustomError-ViewModel.swift */,
			);
			path = ViewModel;
			sourceTree = "<group>";
		};
		57AE974D28D7952B00A75B3A /* SupportingFiles */ = {
			isa = PBXGroup;
			children = (
				572B12DB28A3C25900227AB4 /* OpenAI-Info.plist */,
			);
			path = SupportingFiles;
			sourceTree = "<group>";
		};
		57AE974E28D7963000A75B3A /* TxtComplView */ = {
			isa = PBXGroup;
			children = (
				5777673528F6D885008C888B /* NoteBookView.swift */,
				5729771028CF358800E465EF /* StoryListView.swift */,
				5749D76628C78ED700AC3C2B /* StoryEditorView.swift */,
				5779136C28A50B5900EF0E9B /* AccountView.swift */,
				5779136E28A51E4E00EF0E9B /* LoginView.swift */,
				5745669128D3A5840002DB98 /* SearchView.swift */,
				57C0C71B28DB70AC005B7919 /* View+Extensions.swift */,
			);
			path = TxtComplView;
			sourceTree = "<group>";
		};
		57AE975128D89C4E00A75B3A /* TxtComplDetail */ = {
			isa = PBXGroup;
			children = (
				5775B5DB28E45D1600CAD517 /* StoryListDetailView.swift */,
				5779136A28A4D40D00EF0E9B /* PromptEditorView.swift */,
				5777FC0F28DC7FE50035117B /* HideSectionView.swift */,
				57DBD5B128D9C65400869002 /* TextEditorView.swift */,
				5777672A28F6D232008C888B /* MagnifyingGlass.swift */,
				57DBD5AF28D9C4B700869002 /* PopoverTextView.swift */,
				5744A7E528DD9EE20058E879 /* GenrePickerView.swift */,
				57AE975228D89C8F00A75B3A /* ThemePickerView.swift */,
				57DBD5B328DA3C3800869002 /* PremisePickerView.swift */,
			);
			path = TxtComplDetail;
			sourceTree = "<group>";
		};
/* End PBXGroup section */

/* Begin PBXNativeTarget section */
		572B12C428A3BE5800227AB4 /* Jottr */ = {
			isa = PBXNativeTarget;
			buildConfigurationList = 572B12D328A3BE5E00227AB4 /* Build configuration list for PBXNativeTarget "Jottr" */;
			buildPhases = (
				572B12C128A3BE5800227AB4 /* Sources */,
				572B12C228A3BE5800227AB4 /* Frameworks */,
				572B12C328A3BE5800227AB4 /* Resources */,
				57FC684528EEEA4D00FB2DE8 /* Copy sample API key */,
			);
			buildRules = (
			);
			dependencies = (
			);
			name = Jottr;
			packageProductDependencies = (
				5777672D28F6D2E0008C888B /* FLAnimatedImage */,
			);
			productName = Jottr;
			productReference = 572B12C528A3BE5800227AB4 /* Jottr.app */;
			productType = "com.apple.product-type.application";
		};
/* End PBXNativeTarget section */

/* Begin PBXProject section */
		572B12BD28A3BE5800227AB4 /* Project object */ = {
			isa = PBXProject;
			attributes = {
				BuildIndependentTargetsInParallel = 1;
				LastSwiftUpdateCheck = 1320;
				LastUpgradeCheck = 1320;
				TargetAttributes = {
					572B12C428A3BE5800227AB4 = {
						CreatedOnToolsVersion = 13.2.1;
					};
				};
			};
			buildConfigurationList = 572B12C028A3BE5800227AB4 /* Build configuration list for PBXProject "Jottr" */;
			compatibilityVersion = "Xcode 13.0";
			developmentRegion = en;
			hasScannedForEncodings = 0;
			knownRegions = (
				en,
				Base,
			);
			mainGroup = 572B12BC28A3BE5800227AB4;
			packageReferences = (
				5777672C28F6D2E0008C888B /* XCRemoteSwiftPackageReference "FLAnimatedImage" */,
			);
			productRefGroup = 572B12C628A3BE5800227AB4 /* Products */;
			projectDirPath = "";
			projectRoot = "";
			targets = (
				572B12C428A3BE5800227AB4 /* Jottr */,
			);
		};
/* End PBXProject section */

/* Begin PBXResourcesBuildPhase section */
		572B12C328A3BE5800227AB4 /* Resources */ = {
			isa = PBXResourcesBuildPhase;
			buildActionMask = 2147483647;
			files = (
				572B12DC28A3C25900227AB4 /* OpenAI-Info.plist in Resources */,
				572B12D028A3BE5E00227AB4 /* Preview Assets.xcassets in Resources */,
				572B12ED28A4288000227AB4 /* openairesponse.json in Resources */,
				5777673428F6D519008C888B /* darwin.gif in Resources */,
				572B12CD28A3BE5E00227AB4 /* Assets.xcassets in Resources */,
			);
			runOnlyForDeploymentPostprocessing = 0;
		};
/* End PBXResourcesBuildPhase section */

/* Begin PBXShellScriptBuildPhase section */
		57FC684528EEEA4D00FB2DE8 /* Copy sample API key */ = {
			isa = PBXShellScriptBuildPhase;
			buildActionMask = 2147483647;
			files = (
			);
			inputFileListPaths = (
			);
			inputPaths = (
			);
			name = "Copy sample API key";
			outputFileListPaths = (
			);
			outputPaths = (
			);
			runOnlyForDeploymentPostprocessing = 0;
			shellPath = /bin/sh;
			shellScript = "# Type a script or drag a script file from your workspace to insert its path.\nCONFIG_FILE_BASE_NAME=\"OpenAI-Info\"\n\nCONFIG_FILE_NAME=${CONFIG_FILE_BASE_NAME}.plist\nSAMPLE_CONFIG_FILE_NAME=${CONFIG_FILE_BASE_NAME}-Sample.plist\n\nCONFIG_FILE_PATH=$SRCROOT/$PRODUCT_NAME/SupportingFiles/$CONFIG_FILE_NAME\nSAMPLE_CONFIG_FILE_PATH=$SRCROOT/$PRODUCT_NAME/$SAMPLE_CONFIG_FILE_NAME\n\nif [ -f \"$CONFIG_FILE_PATH\" ]; then\n  echo \"$CONFIG_FILE_PATH exists.\"\nelse\n  echo \"$CONFIG_FILE_PATH does not exist, copying sample\"\n  cp -v \"${SAMPLE_CONFIG_FILE_PATH}\" \"${CONFIG_FILE_PATH}\"\nfi\n";
		};
/* End PBXShellScriptBuildPhase section */

/* Begin PBXSourcesBuildPhase section */
		572B12C128A3BE5800227AB4 /* Sources */ = {
			isa = PBXSourcesBuildPhase;
			buildActionMask = 2147483647;
			files = (
				57C0C71828DB41E6005B7919 /* SendButton.swift in Sources */,
				5777673228F6D48D008C888B /* ParametersModerated.swift in Sources */,
				5775B5DC28E45D1600CAD517 /* StoryListDetailView.swift in Sources */,
				5745669228D3A5840002DB98 /* SearchView.swift in Sources */,
				57FC684828EEED8500FB2DE8 /* NetworkMonitor.swift in Sources */,
				5777FC1028DC7FE50035117B /* HideSectionView.swift in Sources */,
				57E0971A28EC44EB00CA9648 /* StoryListDetailView-ViewModel.swift in Sources */,
				57E0971C28EC646C00CA9648 /* FilteredList.swift in Sources */,
				5779136B28A4D40D00EF0E9B /* PromptEditorView.swift in Sources */,
				5777673028F6D3AF008C888B /* CustomError-ViewModel.swift in Sources */,
				57DBD5B428DA3C3800869002 /* PremisePickerView.swift in Sources */,
				5777673628F6D885008C888B /* NoteBookView.swift in Sources */,
				572B12E728A3C97600227AB4 /* OpenAIResponse.swift in Sources */,
				57EE5B1528BCD35400D961B9 /* TxtComplViewModel.swift in Sources */,
				575F623828D0A85700EFE7C0 /* UIViewController.swift in Sources */,
				57DBD5B228D9C65400869002 /* TextEditorView.swift in Sources */,
				57DBD5B028D9C4B700869002 /* PopoverTextView.swift in Sources */,
				5777672B28F6D232008C888B /* MagnifyingGlass.swift in Sources */,
				572B12CB28A3BE5800227AB4 /* ContentView.swift in Sources */,
				5744A7E628DD9EE20058E879 /* GenrePickerView.swift in Sources */,
				57AE975028D878E100A75B3A /* PersistenceController.swift in Sources */,
				572B12C928A3BE5800227AB4 /* JottrApp.swift in Sources */,
				57A736EB28E2E798006B7DCC /* EditorToolbar.swift in Sources */,
				5777FC0D28DC5AD70035117B /* LibraryToolbar.swift in Sources */,
				57FC684A28EF0F8000FB2DE8 /* StoryEditorView-ViewModel.swift in Sources */,
				572B12E328A3C40600227AB4 /* Jottr.xcdatamodeld in Sources */,
				57AE975328D89C8F00A75B3A /* ThemePickerView.swift in Sources */,
				5779136D28A50B5900EF0E9B /* AccountView.swift in Sources */,
				572B12E928A3CA4200227AB4 /* ModerationResponse.swift in Sources */,
				571FBF3128EACB9200D47037 /* Story+CoreDataProperties.swift in Sources */,
				5779136F28A51E4F00EF0E9B /* LoginView.swift in Sources */,
				572B12E528A3C50B00227AB4 /* OpenAIConnector.swift in Sources */,
				5749D76328C7507900AC3C2B /* SessionStory.swift in Sources */,
				5729771128CF358800E465EF /* StoryListView.swift in Sources */,
				5749D76728C78ED700AC3C2B /* StoryEditorView.swift in Sources */,
				571FBF2F28EACAED00D47037 /* Story+CoreDataClass.swift in Sources */,
				574B4D5928A6552700FC47D8 /* Parameters.swift in Sources */,
				57C0C71C28DB70AC005B7919 /* View+Extensions.swift in Sources */,
			);
			runOnlyForDeploymentPostprocessing = 0;
		};
/* End PBXSourcesBuildPhase section */

/* Begin XCBuildConfiguration section */
		572B12D128A3BE5E00227AB4 /* Debug */ = {
			isa = XCBuildConfiguration;
			buildSettings = {
				ALWAYS_SEARCH_USER_PATHS = NO;
				CLANG_ANALYZER_NONNULL = YES;
				CLANG_ANALYZER_NUMBER_OBJECT_CONVERSION = YES_AGGRESSIVE;
				CLANG_CXX_LANGUAGE_STANDARD = "gnu++17";
				CLANG_CXX_LIBRARY = "libc++";
				CLANG_ENABLE_MODULES = YES;
				CLANG_ENABLE_OBJC_ARC = YES;
				CLANG_ENABLE_OBJC_WEAK = YES;
				CLANG_WARN_BLOCK_CAPTURE_AUTORELEASING = YES;
				CLANG_WARN_BOOL_CONVERSION = YES;
				CLANG_WARN_COMMA = YES;
				CLANG_WARN_CONSTANT_CONVERSION = YES;
				CLANG_WARN_DEPRECATED_OBJC_IMPLEMENTATIONS = YES;
				CLANG_WARN_DIRECT_OBJC_ISA_USAGE = YES_ERROR;
				CLANG_WARN_DOCUMENTATION_COMMENTS = YES;
				CLANG_WARN_EMPTY_BODY = YES;
				CLANG_WARN_ENUM_CONVERSION = YES;
				CLANG_WARN_INFINITE_RECURSION = YES;
				CLANG_WARN_INT_CONVERSION = YES;
				CLANG_WARN_NON_LITERAL_NULL_CONVERSION = YES;
				CLANG_WARN_OBJC_IMPLICIT_RETAIN_SELF = YES;
				CLANG_WARN_OBJC_LITERAL_CONVERSION = YES;
				CLANG_WARN_OBJC_ROOT_CLASS = YES_ERROR;
				CLANG_WARN_QUOTED_INCLUDE_IN_FRAMEWORK_HEADER = YES;
				CLANG_WARN_RANGE_LOOP_ANALYSIS = YES;
				CLANG_WARN_STRICT_PROTOTYPES = YES;
				CLANG_WARN_SUSPICIOUS_MOVE = YES;
				CLANG_WARN_UNGUARDED_AVAILABILITY = YES_AGGRESSIVE;
				CLANG_WARN_UNREACHABLE_CODE = YES;
				CLANG_WARN__DUPLICATE_METHOD_MATCH = YES;
				COPY_PHASE_STRIP = NO;
				DEBUG_INFORMATION_FORMAT = dwarf;
				ENABLE_STRICT_OBJC_MSGSEND = YES;
				ENABLE_TESTABILITY = YES;
				GCC_C_LANGUAGE_STANDARD = gnu11;
				GCC_DYNAMIC_NO_PIC = NO;
				GCC_NO_COMMON_BLOCKS = YES;
				GCC_OPTIMIZATION_LEVEL = 0;
				GCC_PREPROCESSOR_DEFINITIONS = (
					"DEBUG=1",
					"$(inherited)",
				);
				GCC_WARN_64_TO_32_BIT_CONVERSION = YES;
				GCC_WARN_ABOUT_RETURN_TYPE = YES_ERROR;
				GCC_WARN_UNDECLARED_SELECTOR = YES;
				GCC_WARN_UNINITIALIZED_AUTOS = YES_AGGRESSIVE;
				GCC_WARN_UNUSED_FUNCTION = YES;
				GCC_WARN_UNUSED_VARIABLE = YES;
				IPHONEOS_DEPLOYMENT_TARGET = 15.2;
				MTL_ENABLE_DEBUG_INFO = INCLUDE_SOURCE;
				MTL_FAST_MATH = YES;
				ONLY_ACTIVE_ARCH = YES;
				SDKROOT = iphoneos;
				SWIFT_ACTIVE_COMPILATION_CONDITIONS = DEBUG;
				SWIFT_OPTIMIZATION_LEVEL = "-Onone";
			};
			name = Debug;
		};
		572B12D228A3BE5E00227AB4 /* Release */ = {
			isa = XCBuildConfiguration;
			buildSettings = {
				ALWAYS_SEARCH_USER_PATHS = NO;
				CLANG_ANALYZER_NONNULL = YES;
				CLANG_ANALYZER_NUMBER_OBJECT_CONVERSION = YES_AGGRESSIVE;
				CLANG_CXX_LANGUAGE_STANDARD = "gnu++17";
				CLANG_CXX_LIBRARY = "libc++";
				CLANG_ENABLE_MODULES = YES;
				CLANG_ENABLE_OBJC_ARC = YES;
				CLANG_ENABLE_OBJC_WEAK = YES;
				CLANG_WARN_BLOCK_CAPTURE_AUTORELEASING = YES;
				CLANG_WARN_BOOL_CONVERSION = YES;
				CLANG_WARN_COMMA = YES;
				CLANG_WARN_CONSTANT_CONVERSION = YES;
				CLANG_WARN_DEPRECATED_OBJC_IMPLEMENTATIONS = YES;
				CLANG_WARN_DIRECT_OBJC_ISA_USAGE = YES_ERROR;
				CLANG_WARN_DOCUMENTATION_COMMENTS = YES;
				CLANG_WARN_EMPTY_BODY = YES;
				CLANG_WARN_ENUM_CONVERSION = YES;
				CLANG_WARN_INFINITE_RECURSION = YES;
				CLANG_WARN_INT_CONVERSION = YES;
				CLANG_WARN_NON_LITERAL_NULL_CONVERSION = YES;
				CLANG_WARN_OBJC_IMPLICIT_RETAIN_SELF = YES;
				CLANG_WARN_OBJC_LITERAL_CONVERSION = YES;
				CLANG_WARN_OBJC_ROOT_CLASS = YES_ERROR;
				CLANG_WARN_QUOTED_INCLUDE_IN_FRAMEWORK_HEADER = YES;
				CLANG_WARN_RANGE_LOOP_ANALYSIS = YES;
				CLANG_WARN_STRICT_PROTOTYPES = YES;
				CLANG_WARN_SUSPICIOUS_MOVE = YES;
				CLANG_WARN_UNGUARDED_AVAILABILITY = YES_AGGRESSIVE;
				CLANG_WARN_UNREACHABLE_CODE = YES;
				CLANG_WARN__DUPLICATE_METHOD_MATCH = YES;
				COPY_PHASE_STRIP = NO;
				DEBUG_INFORMATION_FORMAT = "dwarf-with-dsym";
				ENABLE_NS_ASSERTIONS = NO;
				ENABLE_STRICT_OBJC_MSGSEND = YES;
				GCC_C_LANGUAGE_STANDARD = gnu11;
				GCC_NO_COMMON_BLOCKS = YES;
				GCC_WARN_64_TO_32_BIT_CONVERSION = YES;
				GCC_WARN_ABOUT_RETURN_TYPE = YES_ERROR;
				GCC_WARN_UNDECLARED_SELECTOR = YES;
				GCC_WARN_UNINITIALIZED_AUTOS = YES_AGGRESSIVE;
				GCC_WARN_UNUSED_FUNCTION = YES;
				GCC_WARN_UNUSED_VARIABLE = YES;
				IPHONEOS_DEPLOYMENT_TARGET = 15.2;
				MTL_ENABLE_DEBUG_INFO = NO;
				MTL_FAST_MATH = YES;
				SDKROOT = iphoneos;
				SWIFT_COMPILATION_MODE = wholemodule;
				SWIFT_OPTIMIZATION_LEVEL = "-O";
				VALIDATE_PRODUCT = YES;
			};
			name = Release;
		};
		572B12D428A3BE5E00227AB4 /* Debug */ = {
			isa = XCBuildConfiguration;
			buildSettings = {
				ASSETCATALOG_COMPILER_APPICON_NAME = AppIcon;
				ASSETCATALOG_COMPILER_GLOBAL_ACCENT_COLOR_NAME = AccentColor;
				CODE_SIGN_STYLE = Automatic;
				CURRENT_PROJECT_VERSION = 1;
				DEVELOPMENT_ASSET_PATHS = "\"Jottr/Preview Content\"";
				DEVELOPMENT_TEAM = MYK9549KKA;
				ENABLE_PREVIEWS = YES;
				GENERATE_INFOPLIST_FILE = YES;
				INFOPLIST_KEY_NSDocumentsFolderUsageDescription = "We need access to your documents folder";
				INFOPLIST_KEY_NSPhotoLibraryAddUsageDescription = "We need access to your photos gallery";
				INFOPLIST_KEY_UIApplicationSceneManifest_Generation = YES;
				INFOPLIST_KEY_UIApplicationSupportsIndirectInputEvents = YES;
				INFOPLIST_KEY_UILaunchScreen_Generation = YES;
				INFOPLIST_KEY_UISupportedInterfaceOrientations_iPad = "UIInterfaceOrientationPortrait UIInterfaceOrientationPortraitUpsideDown UIInterfaceOrientationLandscapeLeft UIInterfaceOrientationLandscapeRight";
				INFOPLIST_KEY_UISupportedInterfaceOrientations_iPhone = "UIInterfaceOrientationPortrait UIInterfaceOrientationLandscapeLeft UIInterfaceOrientationLandscapeRight";
				LD_RUNPATH_SEARCH_PATHS = (
					"$(inherited)",
					"@executable_path/Frameworks",
				);
				MARKETING_VERSION = 1.0;
				PRODUCT_BUNDLE_IDENTIFIER = TempusMachina.Jottr;
				PRODUCT_NAME = "$(TARGET_NAME)";
				SWIFT_EMIT_LOC_STRINGS = YES;
				SWIFT_VERSION = 5.0;
				TARGETED_DEVICE_FAMILY = "1,2";
			};
			name = Debug;
		};
		572B12D528A3BE5E00227AB4 /* Release */ = {
			isa = XCBuildConfiguration;
			buildSettings = {
				ASSETCATALOG_COMPILER_APPICON_NAME = AppIcon;
				ASSETCATALOG_COMPILER_GLOBAL_ACCENT_COLOR_NAME = AccentColor;
				CODE_SIGN_STYLE = Automatic;
				CURRENT_PROJECT_VERSION = 1;
				DEVELOPMENT_ASSET_PATHS = "\"Jottr/Preview Content\"";
				DEVELOPMENT_TEAM = MYK9549KKA;
				ENABLE_PREVIEWS = YES;
				GENERATE_INFOPLIST_FILE = YES;
				INFOPLIST_KEY_NSDocumentsFolderUsageDescription = "We need access to your documents folder";
				INFOPLIST_KEY_NSPhotoLibraryAddUsageDescription = "We need access to your photos gallery";
				INFOPLIST_KEY_UIApplicationSceneManifest_Generation = YES;
				INFOPLIST_KEY_UIApplicationSupportsIndirectInputEvents = YES;
				INFOPLIST_KEY_UILaunchScreen_Generation = YES;
				INFOPLIST_KEY_UISupportedInterfaceOrientations_iPad = "UIInterfaceOrientationPortrait UIInterfaceOrientationPortraitUpsideDown UIInterfaceOrientationLandscapeLeft UIInterfaceOrientationLandscapeRight";
				INFOPLIST_KEY_UISupportedInterfaceOrientations_iPhone = "UIInterfaceOrientationPortrait UIInterfaceOrientationLandscapeLeft UIInterfaceOrientationLandscapeRight";
				LD_RUNPATH_SEARCH_PATHS = (
					"$(inherited)",
					"@executable_path/Frameworks",
				);
				MARKETING_VERSION = 1.0;
				PRODUCT_BUNDLE_IDENTIFIER = TempusMachina.Jottr;
				PRODUCT_NAME = "$(TARGET_NAME)";
				SWIFT_EMIT_LOC_STRINGS = YES;
				SWIFT_VERSION = 5.0;
				TARGETED_DEVICE_FAMILY = "1,2";
			};
			name = Release;
		};
/* End XCBuildConfiguration section */

/* Begin XCConfigurationList section */
		572B12C028A3BE5800227AB4 /* Build configuration list for PBXProject "Jottr" */ = {
			isa = XCConfigurationList;
			buildConfigurations = (
				572B12D128A3BE5E00227AB4 /* Debug */,
				572B12D228A3BE5E00227AB4 /* Release */,
			);
			defaultConfigurationIsVisible = 0;
			defaultConfigurationName = Release;
		};
		572B12D328A3BE5E00227AB4 /* Build configuration list for PBXNativeTarget "Jottr" */ = {
			isa = XCConfigurationList;
			buildConfigurations = (
				572B12D428A3BE5E00227AB4 /* Debug */,
				572B12D528A3BE5E00227AB4 /* Release */,
			);
			defaultConfigurationIsVisible = 0;
			defaultConfigurationName = Release;
		};
/* End XCConfigurationList section */

/* Begin XCRemoteSwiftPackageReference section */
		5777672C28F6D2E0008C888B /* XCRemoteSwiftPackageReference "FLAnimatedImage" */ = {
			isa = XCRemoteSwiftPackageReference;
			repositoryURL = "https://github.com/Flipboard/FLAnimatedImage";
			requirement = {
				branch = master;
				kind = branch;
			};
		};
/* End XCRemoteSwiftPackageReference section */

/* Begin XCSwiftPackageProductDependency section */
		5777672D28F6D2E0008C888B /* FLAnimatedImage */ = {
			isa = XCSwiftPackageProductDependency;
			package = 5777672C28F6D2E0008C888B /* XCRemoteSwiftPackageReference "FLAnimatedImage" */;
			productName = FLAnimatedImage;
		};
/* End XCSwiftPackageProductDependency section */

/* Begin XCVersionGroup section */
		572B12E128A3C40600227AB4 /* Jottr.xcdatamodeld */ = {
			isa = XCVersionGroup;
			children = (
				572B12E228A3C40600227AB4 /* Jottr.xcdatamodel */,
			);
			currentVersion = 572B12E228A3C40600227AB4 /* Jottr.xcdatamodel */;
			path = Jottr.xcdatamodeld;
			sourceTree = "<group>";
			versionGroupType = wrapper.xcdatamodel;
		};
/* End XCVersionGroup section */
	};
	rootObject = 572B12BD28A3BE5800227AB4 /* Project object */;
}
